# This file is automatically @generated by Wally.
# It is not intended for manual editing.
registry = "test"

[[package]]
name = "denispionicul/stater"
version = "1.0.3"
dependencies = [["Signal", "sleitnick/signal@2.0.3"], ["Trove", "sleitnick/trove@1.5.0"]]

[[package]]
name = "dev-alastair/dash"
version = "1.1.2"
dependencies = []

[[package]]
name = "evaera/cmdr"
version = "1.12.0"
dependencies = []

[[package]]
name = "evaera/promise"
version = "4.0.0"
dependencies = []

[[package]]
name = "maki/scarframework"
version = "0.1.0"
dependencies = [["dash", "dev-alastair/dash@1.1.2"], ["input", "sleitnick/input@2.3.0"], ["promise", "evaera/promise@4.0.0"], ["ratelimit", "red-blox/ratelimit@1.0.1"], ["red", "red-blox/red@2.3.2"], ["shake", "sleitnick/shake@1.1.0"], ["stater", "denispionicul/stater@1.0.3"], ["trove", "sleitnick/trove@1.5.0"], ["cmdr", "evaera/cmdr@1.12.0"], ["profilestore", "lm-loleris/profilestore@1.0.2"]]

[[package]]
name = "lm-loleris/profilestore"
version = "1.0.2"
dependencies = []

[[package]]
name = "red-blox/future"
version = "1.0.1"
dependencies = [["Spawn", "red-blox/spawn@1.1.0"]]

[[package]]
name = "red-blox/guard"
version = "1.0.1"
dependencies = []

[[package]]
name = "red-blox/ratelimit"
version = "1.0.1"
dependencies = []

[[package]]
name = "red-blox/red"
version = "2.3.2"
dependencies = [["Future", "red-blox/future@1.0.1"], ["Guard", "red-blox/guard@1.0.1"], ["Signal", "red-blox/signal@2.0.2"], ["Spawn", "red-blox/spawn@1.1.0"]]

[[package]]
name = "red-blox/signal"
version = "2.0.2"
dependencies = [["Spawn", "red-blox/spawn@1.1.0"]]

[[package]]
name = "red-blox/spawn"
version = "1.1.0"
dependencies = []

[[package]]
name = "sleitnick/input"
version = "2.3.0"
dependencies = [["Signal", "sleitnick/signal@2.0.3"], ["Trove", "sleitnick/trove@1.5.0"]]

[[package]]
name = "sleitnick/shake"
version = "1.1.0"
dependencies = []

[[package]]
name = "sleitnick/signal"
version = "2.0.3"
dependencies = []

[[package]]
name = "sleitnick/trove"
version = "1.5.0"
dependencies = []
